
Microsoft Visual Studio Solution File, Format Version 12.00
Project("{F2A71F9B-5D33-465A-A702-920D77279786}") = "Hegechat.Core", "Hegechat.Core\Hegechat.Core.fsproj", "{F14D2208-1B25-4A65-9A15-2E17C6FCCEE0}"
EndProject
Global
	GlobalSection(SolutionConfigurationPlatforms) = preSolution
		Debug|Any CPU = Debug|Any CPU
		Release|Any CPU = Release|Any CPU
	EndGlobalSection
	GlobalSection(ProjectConfigurationPlatforms) = postSolution
		{F14D2208-1B25-4A65-9A15-2E17C6FCCEE0}.Debug|Any CPU.ActiveCfg = Debug|Any CPU
		{F14D2208-1B25-4A65-9A15-2E17C6FCCEE0}.Debug|Any CPU.Build.0 = Debug|Any CPU
		{F14D2208-1B25-4A65-9A15-2E17C6FCCEE0}.Release|Any CPU.ActiveCfg = Release|Any CPU
		{F14D2208-1B25-4A65-9A15-2E17C6FCCEE0}.Release|Any CPU.Build.0 = Release|Any CPU
	EndGlobalSection
EndGlobal
